<?xml version="1.0" encoding="UTF-8"?>
<!DOCTYPE plist PUBLIC "-//Apple//DTD PLIST 1.0//EN" "http://www.apple.com/DTDs/PropertyList-1.0.dtd">
<plist version="1.0">
<dict>
	<key>archiveVersion</key>
	<string>1</string>
	<key>classes</key>
	<dict/>
	<key>objectVersion</key>
	<string>46</string>
	<key>objects</key>
	<dict>
		<key>1B31C9ED90B44048AC6A2B69</key>
		<dict>
			<key>explicitFileType</key>
			<string>archive.ar</string>
			<key>includeInIndex</key>
			<string>0</string>
			<key>isa</key>
			<string>PBXFileReference</string>
			<key>path</key>
			<string>libPods.a</string>
			<key>sourceTree</key>
			<string>BUILT_PRODUCTS_DIR</string>
		</dict>
		<key>8927AD30ACED4B3999CC46DF</key>
		<dict>
			<key>buildActionMask</key>
			<string>2147483647</string>
			<key>files</key>
			<array/>
			<key>inputPaths</key>
			<array/>
			<key>isa</key>
			<string>PBXShellScriptBuildPhase</string>
			<key>name</key>
			<string>Copy Pods Resources</string>
			<key>outputPaths</key>
			<array/>
			<key>runOnlyForDeploymentPostprocessing</key>
			<string>0</string>
			<key>shellPath</key>
			<string>/bin/sh</string>
			<key>shellScript</key>
			<string>"${SRCROOT}/Pods/Pods-resources.sh"
</string>
			<key>showEnvVarsInLog</key>
			<string>0</string>
		</dict>
		<key>9479EEBB17F96686002DAA1B</key>
		<dict>
			<key>children</key>
			<array>
				<string>9479EECD17F96686002DAA1B</string>
				<string>9479EEEC17F96686002DAA1B</string>
				<string>9479EEC617F96686002DAA1B</string>
				<string>9479EEC517F96686002DAA1B</string>
				<string>C5341A2C1D9944E098A36197</string>
			</array>
			<key>isa</key>
			<string>PBXGroup</string>
			<key>sourceTree</key>
			<string>&lt;group&gt;</string>
		</dict>
		<key>9479EEBC17F96686002DAA1B</key>
		<dict>
			<key>attributes</key>
			<dict>
				<key>CLASSPREFIX</key>
				<string>RottenGuava</string>
				<key>LastUpgradeCheck</key>
				<string>0500</string>
				<key>ORGANIZATIONNAME</key>
				<string>Gilad Goldberg</string>
				<key>TargetAttributes</key>
				<dict>
					<key>9479EEE417F96686002DAA1B</key>
					<dict>
						<key>TestTargetID</key>
						<string>9479EEC317F96686002DAA1B</string>
					</dict>
				</dict>
			</dict>
			<key>buildConfigurationList</key>
			<string>9479EEBF17F96686002DAA1B</string>
			<key>compatibilityVersion</key>
			<string>Xcode 3.2</string>
			<key>developmentRegion</key>
			<string>English</string>
			<key>hasScannedForEncodings</key>
			<string>0</string>
			<key>isa</key>
			<string>PBXProject</string>
			<key>knownRegions</key>
			<array>
				<string>en</string>
				<string>Base</string>
			</array>
			<key>mainGroup</key>
			<string>9479EEBB17F96686002DAA1B</string>
			<key>productRefGroup</key>
			<string>9479EEC517F96686002DAA1B</string>
			<key>projectDirPath</key>
			<string></string>
			<key>projectReferences</key>
			<array/>
			<key>projectRoot</key>
			<string></string>
			<key>targets</key>
			<array>
				<string>9479EEC317F96686002DAA1B</string>
				<string>9479EEE417F96686002DAA1B</string>
			</array>
		</dict>
		<key>9479EEBF17F96686002DAA1B</key>
		<dict>
			<key>buildConfigurations</key>
			<array>
				<string>9479EEF417F96686002DAA1B</string>
				<string>9479EEF517F96686002DAA1B</string>
			</array>
			<key>defaultConfigurationIsVisible</key>
			<string>0</string>
			<key>defaultConfigurationName</key>
			<string>Release</string>
			<key>isa</key>
			<string>XCConfigurationList</string>
		</dict>
		<key>9479EEC017F96686002DAA1B</key>
		<dict>
			<key>buildActionMask</key>
			<string>2147483647</string>
			<key>files</key>
			<array>
				<string>9479EED417F96686002DAA1B</string>
				<string>9479EF0317F98FD5002DAA1B</string>
				<string>9479EEDE17F96686002DAA1B</string>
				<string>9479EEFE17F96950002DAA1B</string>
				<string>9479EED817F96686002DAA1B</string>
			</array>
			<key>isa</key>
			<string>PBXSourcesBuildPhase</string>
			<key>runOnlyForDeploymentPostprocessing</key>
			<string>0</string>
		</dict>
		<key>9479EEC117F96686002DAA1B</key>
		<dict>
			<key>buildActionMask</key>
			<string>2147483647</string>
			<key>files</key>
			<array>
				<string>9479EECA17F96686002DAA1B</string>
				<string>9479EECC17F96686002DAA1B</string>
				<string>9479EEC817F96686002DAA1B</string>
				<string>FB64CEE3D07D4EA39BE52F5C</string>
			</array>
			<key>isa</key>
			<string>PBXFrameworksBuildPhase</string>
			<key>runOnlyForDeploymentPostprocessing</key>
			<string>0</string>
		</dict>
		<key>9479EEC217F96686002DAA1B</key>
		<dict>
			<key>buildActionMask</key>
			<string>2147483647</string>
			<key>files</key>
			<array>
				<string>9479EEE017F96686002DAA1B</string>
				<string>9479EED217F96686002DAA1B</string>
				<string>9479EEDB17F96686002DAA1B</string>
			</array>
			<key>isa</key>
			<string>PBXResourcesBuildPhase</string>
			<key>runOnlyForDeploymentPostprocessing</key>
			<string>0</string>
		</dict>
		<key>9479EEC317F96686002DAA1B</key>
		<dict>
			<key>buildConfigurationList</key>
			<string>9479EEF617F96686002DAA1B</string>
			<key>buildPhases</key>
			<array>
				<string>EBCE4C40134946CBAA65EF2E</string>
				<string>9479EEC017F96686002DAA1B</string>
				<string>9479EEC117F96686002DAA1B</string>
				<string>9479EEC217F96686002DAA1B</string>
				<string>8927AD30ACED4B3999CC46DF</string>
			</array>
			<key>buildRules</key>
			<array/>
			<key>dependencies</key>
			<array/>
			<key>isa</key>
			<string>PBXNativeTarget</string>
			<key>name</key>
			<string>RottenGuavas</string>
			<key>productName</key>
			<string>RottenGuavas</string>
			<key>productReference</key>
			<string>9479EEC417F96686002DAA1B</string>
			<key>productType</key>
			<string>com.apple.product-type.application</string>
		</dict>
		<key>9479EEC417F96686002DAA1B</key>
		<dict>
			<key>explicitFileType</key>
			<string>wrapper.application</string>
			<key>includeInIndex</key>
			<string>0</string>
			<key>isa</key>
			<string>PBXFileReference</string>
			<key>path</key>
			<string>RottenGuavas.app</string>
			<key>sourceTree</key>
			<string>BUILT_PRODUCTS_DIR</string>
		</dict>
		<key>9479EEC517F96686002DAA1B</key>
		<dict>
			<key>children</key>
			<array>
				<string>9479EEC417F96686002DAA1B</string>
				<string>9479EEE517F96686002DAA1B</string>
			</array>
			<key>isa</key>
			<string>PBXGroup</string>
			<key>name</key>
			<string>Products</string>
			<key>sourceTree</key>
			<string>&lt;group&gt;</string>
		</dict>
		<key>9479EEC617F96686002DAA1B</key>
		<dict>
			<key>children</key>
			<array>
				<string>9479EEC717F96686002DAA1B</string>
				<string>9479EEC917F96686002DAA1B</string>
				<string>9479EECB17F96686002DAA1B</string>
				<string>9479EEE617F96686002DAA1B</string>
				<string>1B31C9ED90B44048AC6A2B69</string>
			</array>
			<key>isa</key>
			<string>PBXGroup</string>
			<key>name</key>
			<string>Frameworks</string>
			<key>sourceTree</key>
			<string>&lt;group&gt;</string>
		</dict>
		<key>9479EEC717F96686002DAA1B</key>
		<dict>
			<key>isa</key>
			<string>PBXFileReference</string>
			<key>lastKnownFileType</key>
			<string>wrapper.framework</string>
			<key>name</key>
			<string>Foundation.framework</string>
			<key>path</key>
			<string>System/Library/Frameworks/Foundation.framework</string>
			<key>sourceTree</key>
			<string>SDKROOT</string>
		</dict>
		<key>9479EEC817F96686002DAA1B</key>
		<dict>
			<key>fileRef</key>
			<string>9479EEC717F96686002DAA1B</string>
			<key>isa</key>
			<string>PBXBuildFile</string>
		</dict>
		<key>9479EEC917F96686002DAA1B</key>
		<dict>
			<key>isa</key>
			<string>PBXFileReference</string>
			<key>lastKnownFileType</key>
			<string>wrapper.framework</string>
			<key>name</key>
			<string>CoreGraphics.framework</string>
			<key>path</key>
			<string>System/Library/Frameworks/CoreGraphics.framework</string>
			<key>sourceTree</key>
			<string>SDKROOT</string>
		</dict>
		<key>9479EECA17F96686002DAA1B</key>
		<dict>
			<key>fileRef</key>
			<string>9479EEC917F96686002DAA1B</string>
			<key>isa</key>
			<string>PBXBuildFile</string>
		</dict>
		<key>9479EECB17F96686002DAA1B</key>
		<dict>
			<key>isa</key>
			<string>PBXFileReference</string>
			<key>lastKnownFileType</key>
			<string>wrapper.framework</string>
			<key>name</key>
			<string>UIKit.framework</string>
			<key>path</key>
			<string>System/Library/Frameworks/UIKit.framework</string>
			<key>sourceTree</key>
			<string>SDKROOT</string>
		</dict>
		<key>9479EECC17F96686002DAA1B</key>
		<dict>
			<key>fileRef</key>
			<string>9479EECB17F96686002DAA1B</string>
			<key>isa</key>
			<string>PBXBuildFile</string>
		</dict>
		<key>9479EECD17F96686002DAA1B</key>
		<dict>
			<key>children</key>
			<array>
				<string>9479EED917F96686002DAA1B</string>
				<string>9479EEDC17F96686002DAA1B</string>
				<string>9479EEDD17F96686002DAA1B</string>
				<string>9479EEDF17F96686002DAA1B</string>
				<string>9479EECE17F96686002DAA1B</string>
				<string>9479EF0017F9695B002DAA1B</string>
			</array>
			<key>isa</key>
			<string>PBXGroup</string>
			<key>path</key>
			<string>RottenGuavas</string>
			<key>sourceTree</key>
			<string>&lt;group&gt;</string>
		</dict>
		<key>9479EECE17F96686002DAA1B</key>
		<dict>
			<key>children</key>
			<array>
				<string>9479EED617F96686002DAA1B</string>
				<string>9479EED717F96686002DAA1B</string>
				<string>9479EECF17F96686002DAA1B</string>
				<string>9479EED017F96686002DAA1B</string>
				<string>9479EED317F96686002DAA1B</string>
				<string>9479EED517F96686002DAA1B</string>
			</array>
			<key>isa</key>
			<string>PBXGroup</string>
			<key>name</key>
			<string>Supporting Files</string>
			<key>sourceTree</key>
			<string>&lt;group&gt;</string>
		</dict>
		<key>9479EECF17F96686002DAA1B</key>
		<dict>
			<key>isa</key>
			<string>PBXFileReference</string>
			<key>lastKnownFileType</key>
			<string>text.plist.xml</string>
			<key>path</key>
			<string>RottenGuavas-Info.plist</string>
			<key>sourceTree</key>
			<string>&lt;group&gt;</string>
		</dict>
		<key>9479EED017F96686002DAA1B</key>
		<dict>
			<key>children</key>
			<array>
				<string>9479EED117F96686002DAA1B</string>
			</array>
			<key>isa</key>
			<string>PBXVariantGroup</string>
			<key>name</key>
			<string>InfoPlist.strings</string>
			<key>sourceTree</key>
			<string>&lt;group&gt;</string>
		</dict>
		<key>9479EED117F96686002DAA1B</key>
		<dict>
			<key>isa</key>
			<string>PBXFileReference</string>
			<key>lastKnownFileType</key>
			<string>text.plist.strings</string>
			<key>name</key>
			<string>en</string>
			<key>path</key>
			<string>en.lproj/InfoPlist.strings</string>
			<key>sourceTree</key>
			<string>&lt;group&gt;</string>
		</dict>
		<key>9479EED217F96686002DAA1B</key>
		<dict>
			<key>fileRef</key>
			<string>9479EED017F96686002DAA1B</string>
			<key>isa</key>
			<string>PBXBuildFile</string>
		</dict>
		<key>9479EED317F96686002DAA1B</key>
		<dict>
			<key>isa</key>
			<string>PBXFileReference</string>
			<key>lastKnownFileType</key>
			<string>sourcecode.c.objc</string>
			<key>path</key>
			<string>main.m</string>
			<key>sourceTree</key>
			<string>&lt;group&gt;</string>
		</dict>
		<key>9479EED417F96686002DAA1B</key>
		<dict>
			<key>fileRef</key>
			<string>9479EED317F96686002DAA1B</string>
			<key>isa</key>
			<string>PBXBuildFile</string>
		</dict>
		<key>9479EED517F96686002DAA1B</key>
		<dict>
			<key>isa</key>
			<string>PBXFileReference</string>
			<key>lastKnownFileType</key>
			<string>sourcecode.c.h</string>
			<key>path</key>
			<string>RottenGuavas-Prefix.pch</string>
			<key>sourceTree</key>
			<string>&lt;group&gt;</string>
		</dict>
		<key>9479EED617F96686002DAA1B</key>
		<dict>
			<key>isa</key>
			<string>PBXFileReference</string>
			<key>lastKnownFileType</key>
			<string>sourcecode.c.h</string>
			<key>path</key>
			<string>RottenGuavaAppDelegate.h</string>
			<key>sourceTree</key>
			<string>&lt;group&gt;</string>
		</dict>
		<key>9479EED717F96686002DAA1B</key>
		<dict>
			<key>isa</key>
			<string>PBXFileReference</string>
			<key>lastKnownFileType</key>
			<string>sourcecode.c.objc</string>
			<key>path</key>
			<string>RottenGuavaAppDelegate.m</string>
			<key>sourceTree</key>
			<string>&lt;group&gt;</string>
		</dict>
		<key>9479EED817F96686002DAA1B</key>
		<dict>
			<key>fileRef</key>
			<string>9479EED717F96686002DAA1B</string>
			<key>isa</key>
			<string>PBXBuildFile</string>
		</dict>
		<key>9479EED917F96686002DAA1B</key>
		<dict>
			<key>children</key>
			<array>
				<string>9479EEDA17F96686002DAA1B</string>
			</array>
			<key>isa</key>
			<string>PBXVariantGroup</string>
			<key>name</key>
			<string>Main.storyboard</string>
			<key>sourceTree</key>
			<string>&lt;group&gt;</string>
		</dict>
		<key>9479EEDA17F96686002DAA1B</key>
		<dict>
			<key>isa</key>
			<string>PBXFileReference</string>
			<key>lastKnownFileType</key>
			<string>file.storyboard</string>
			<key>name</key>
			<string>Base</string>
			<key>path</key>
			<string>Base.lproj/Main.storyboard</string>
			<key>sourceTree</key>
			<string>&lt;group&gt;</string>
		</dict>
		<key>9479EEDB17F96686002DAA1B</key>
		<dict>
			<key>fileRef</key>
			<string>9479EED917F96686002DAA1B</string>
			<key>isa</key>
			<string>PBXBuildFile</string>
		</dict>
		<key>9479EEDC17F96686002DAA1B</key>
		<dict>
			<key>isa</key>
			<string>PBXFileReference</string>
			<key>lastKnownFileType</key>
			<string>sourcecode.c.h</string>
			<key>path</key>
			<string>RottenGuavaViewController.h</string>
			<key>sourceTree</key>
			<string>&lt;group&gt;</string>
		</dict>
		<key>9479EEDD17F96686002DAA1B</key>
		<dict>
			<key>isa</key>
			<string>PBXFileReference</string>
			<key>lastKnownFileType</key>
			<string>sourcecode.c.objc</string>
			<key>path</key>
			<string>RottenGuavaViewController.m</string>
			<key>sourceTree</key>
			<string>&lt;group&gt;</string>
		</dict>
		<key>9479EEDE17F96686002DAA1B</key>
		<dict>
			<key>fileRef</key>
			<string>9479EEDD17F96686002DAA1B</string>
			<key>isa</key>
			<string>PBXBuildFile</string>
		</dict>
		<key>9479EEDF17F96686002DAA1B</key>
		<dict>
			<key>isa</key>
			<string>PBXFileReference</string>
			<key>lastKnownFileType</key>
			<string>folder.assetcatalog</string>
			<key>path</key>
			<string>Images.xcassets</string>
			<key>sourceTree</key>
			<string>&lt;group&gt;</string>
		</dict>
		<key>9479EEE017F96686002DAA1B</key>
		<dict>
			<key>fileRef</key>
			<string>9479EEDF17F96686002DAA1B</string>
			<key>isa</key>
			<string>PBXBuildFile</string>
		</dict>
		<key>9479EEE117F96686002DAA1B</key>
		<dict>
			<key>buildActionMask</key>
			<string>2147483647</string>
			<key>files</key>
			<array>
				<string>9479EEF317F96686002DAA1B</string>
			</array>
			<key>isa</key>
			<string>PBXSourcesBuildPhase</string>
			<key>runOnlyForDeploymentPostprocessing</key>
			<string>0</string>
		</dict>
		<key>9479EEE217F96686002DAA1B</key>
		<dict>
			<key>buildActionMask</key>
			<string>2147483647</string>
			<key>files</key>
			<array>
				<string>9479EEE717F96686002DAA1B</string>
				<string>9479EEE917F96686002DAA1B</string>
				<string>9479EEE817F96686002DAA1B</string>
			</array>
			<key>isa</key>
			<string>PBXFrameworksBuildPhase</string>
			<key>runOnlyForDeploymentPostprocessing</key>
			<string>0</string>
		</dict>
		<key>9479EEE317F96686002DAA1B</key>
		<dict>
			<key>buildActionMask</key>
			<string>2147483647</string>
			<key>files</key>
			<array>
				<string>9479EEF117F96686002DAA1B</string>
			</array>
			<key>isa</key>
			<string>PBXResourcesBuildPhase</string>
			<key>runOnlyForDeploymentPostprocessing</key>
			<string>0</string>
		</dict>
		<key>9479EEE417F96686002DAA1B</key>
		<dict>
			<key>buildConfigurationList</key>
			<string>9479EEF917F96686002DAA1B</string>
			<key>buildPhases</key>
			<array>
				<string>9479EEE117F96686002DAA1B</string>
				<string>9479EEE217F96686002DAA1B</string>
				<string>9479EEE317F96686002DAA1B</string>
			</array>
			<key>buildRules</key>
			<array/>
			<key>dependencies</key>
			<array>
				<string>9479EEEB17F96686002DAA1B</string>
			</array>
			<key>isa</key>
			<string>PBXNativeTarget</string>
			<key>name</key>
			<string>RottenGuavasTests</string>
			<key>productName</key>
			<string>RottenGuavasTests</string>
			<key>productReference</key>
			<string>9479EEE517F96686002DAA1B</string>
			<key>productType</key>
			<string>com.apple.product-type.bundle.unit-test</string>
		</dict>
		<key>9479EEE517F96686002DAA1B</key>
		<dict>
			<key>explicitFileType</key>
			<string>wrapper.cfbundle</string>
			<key>includeInIndex</key>
			<string>0</string>
			<key>isa</key>
			<string>PBXFileReference</string>
			<key>path</key>
			<string>RottenGuavasTests.xctest</string>
			<key>sourceTree</key>
			<string>BUILT_PRODUCTS_DIR</string>
		</dict>
		<key>9479EEE617F96686002DAA1B</key>
		<dict>
			<key>isa</key>
			<string>PBXFileReference</string>
			<key>lastKnownFileType</key>
			<string>wrapper.framework</string>
			<key>name</key>
			<string>XCTest.framework</string>
			<key>path</key>
			<string>Library/Frameworks/XCTest.framework</string>
			<key>sourceTree</key>
			<string>DEVELOPER_DIR</string>
		</dict>
		<key>9479EEE717F96686002DAA1B</key>
		<dict>
			<key>fileRef</key>
			<string>9479EEE617F96686002DAA1B</string>
			<key>isa</key>
			<string>PBXBuildFile</string>
		</dict>
		<key>9479EEE817F96686002DAA1B</key>
		<dict>
			<key>fileRef</key>
			<string>9479EEC717F96686002DAA1B</string>
			<key>isa</key>
			<string>PBXBuildFile</string>
		</dict>
		<key>9479EEE917F96686002DAA1B</key>
		<dict>
			<key>fileRef</key>
			<string>9479EECB17F96686002DAA1B</string>
			<key>isa</key>
			<string>PBXBuildFile</string>
		</dict>
		<key>9479EEEA17F96686002DAA1B</key>
		<dict>
			<key>containerPortal</key>
			<string>9479EEBC17F96686002DAA1B</string>
			<key>isa</key>
			<string>PBXContainerItemProxy</string>
			<key>proxyType</key>
			<string>1</string>
			<key>remoteGlobalIDString</key>
			<string>9479EEC317F96686002DAA1B</string>
			<key>remoteInfo</key>
			<string>RottenGuavas</string>
		</dict>
		<key>9479EEEB17F96686002DAA1B</key>
		<dict>
			<key>isa</key>
			<string>PBXTargetDependency</string>
			<key>target</key>
			<string>9479EEC317F96686002DAA1B</string>
			<key>targetProxy</key>
			<string>9479EEEA17F96686002DAA1B</string>
		</dict>
		<key>9479EEEC17F96686002DAA1B</key>
		<dict>
			<key>children</key>
			<array>
				<string>9479EEF217F96686002DAA1B</string>
				<string>9479EEED17F96686002DAA1B</string>
			</array>
			<key>isa</key>
			<string>PBXGroup</string>
			<key>path</key>
			<string>RottenGuavasTests</string>
			<key>sourceTree</key>
			<string>&lt;group&gt;</string>
		</dict>
		<key>9479EEED17F96686002DAA1B</key>
		<dict>
			<key>children</key>
			<array>
				<string>9479EEEE17F96686002DAA1B</string>
				<string>9479EEEF17F96686002DAA1B</string>
			</array>
			<key>isa</key>
			<string>PBXGroup</string>
			<key>name</key>
			<string>Supporting Files</string>
			<key>sourceTree</key>
			<string>&lt;group&gt;</string>
		</dict>
		<key>9479EEEE17F96686002DAA1B</key>
		<dict>
			<key>isa</key>
			<string>PBXFileReference</string>
			<key>lastKnownFileType</key>
			<string>text.plist.xml</string>
			<key>path</key>
			<string>RottenGuavasTests-Info.plist</string>
			<key>sourceTree</key>
			<string>&lt;group&gt;</string>
		</dict>
		<key>9479EEEF17F96686002DAA1B</key>
		<dict>
			<key>children</key>
			<array>
				<string>9479EEF017F96686002DAA1B</string>
			</array>
			<key>isa</key>
			<string>PBXVariantGroup</string>
			<key>name</key>
			<string>InfoPlist.strings</string>
			<key>sourceTree</key>
			<string>&lt;group&gt;</string>
		</dict>
		<key>9479EEF017F96686002DAA1B</key>
		<dict>
			<key>isa</key>
			<string>PBXFileReference</string>
			<key>lastKnownFileType</key>
			<string>text.plist.strings</string>
			<key>name</key>
			<string>en</string>
			<key>path</key>
			<string>en.lproj/InfoPlist.strings</string>
			<key>sourceTree</key>
			<string>&lt;group&gt;</string>
		</dict>
		<key>9479EEF117F96686002DAA1B</key>
		<dict>
			<key>fileRef</key>
			<string>9479EEEF17F96686002DAA1B</string>
			<key>isa</key>
			<string>PBXBuildFile</string>
		</dict>
		<key>9479EEF217F96686002DAA1B</key>
		<dict>
			<key>isa</key>
			<string>PBXFileReference</string>
			<key>lastKnownFileType</key>
			<string>sourcecode.c.objc</string>
			<key>path</key>
			<string>RottenGuavasTests.m</string>
			<key>sourceTree</key>
			<string>&lt;group&gt;</string>
		</dict>
		<key>9479EEF317F96686002DAA1B</key>
		<dict>
			<key>fileRef</key>
			<string>9479EEF217F96686002DAA1B</string>
			<key>isa</key>
			<string>PBXBuildFile</string>
		</dict>
		<key>9479EEF417F96686002DAA1B</key>
		<dict>
			<key>buildSettings</key>
			<dict>
				<key>ALWAYS_SEARCH_USER_PATHS</key>
				<string>NO</string>
				<key>ARCHS</key>
				<string>$(ARCHS_STANDARD_INCLUDING_64_BIT)</string>
				<key>CLANG_CXX_LANGUAGE_STANDARD</key>
				<string>gnu++0x</string>
				<key>CLANG_CXX_LIBRARY</key>
				<string>libc++</string>
				<key>CLANG_ENABLE_MODULES</key>
				<string>YES</string>
				<key>CLANG_ENABLE_OBJC_ARC</key>
				<string>YES</string>
				<key>CLANG_WARN_BOOL_CONVERSION</key>
				<string>YES</string>
				<key>CLANG_WARN_CONSTANT_CONVERSION</key>
				<string>YES</string>
				<key>CLANG_WARN_DIRECT_OBJC_ISA_USAGE</key>
				<string>YES_ERROR</string>
				<key>CLANG_WARN_EMPTY_BODY</key>
				<string>YES</string>
				<key>CLANG_WARN_ENUM_CONVERSION</key>
				<string>YES</string>
				<key>CLANG_WARN_INT_CONVERSION</key>
				<string>YES</string>
				<key>CLANG_WARN_OBJC_ROOT_CLASS</key>
				<string>YES_ERROR</string>
				<key>CLANG_WARN__DUPLICATE_METHOD_MATCH</key>
				<string>YES</string>
				<key>CODE_SIGN_IDENTITY[sdk=iphoneos*]</key>
				<string>iPhone Developer</string>
				<key>COPY_PHASE_STRIP</key>
				<string>NO</string>
				<key>GCC_C_LANGUAGE_STANDARD</key>
				<string>gnu99</string>
				<key>GCC_DYNAMIC_NO_PIC</key>
				<string>NO</string>
				<key>GCC_OPTIMIZATION_LEVEL</key>
				<string>0</string>
				<key>GCC_PREPROCESSOR_DEFINITIONS</key>
				<array>
					<string>DEBUG=1</string>
					<string>$(inherited)</string>
				</array>
				<key>GCC_SYMBOLS_PRIVATE_EXTERN</key>
				<string>NO</string>
				<key>GCC_WARN_64_TO_32_BIT_CONVERSION</key>
				<string>YES</string>
				<key>GCC_WARN_ABOUT_RETURN_TYPE</key>
				<string>YES_ERROR</string>
				<key>GCC_WARN_UNDECLARED_SELECTOR</key>
				<string>YES</string>
				<key>GCC_WARN_UNINITIALIZED_AUTOS</key>
				<string>YES</string>
				<key>GCC_WARN_UNUSED_FUNCTION</key>
				<string>YES</string>
				<key>GCC_WARN_UNUSED_VARIABLE</key>
				<string>YES</string>
				<key>IPHONEOS_DEPLOYMENT_TARGET</key>
				<string>7.0</string>
				<key>ONLY_ACTIVE_ARCH</key>
				<string>YES</string>
				<key>SDKROOT</key>
				<string>iphoneos</string>
			</dict>
			<key>isa</key>
			<string>XCBuildConfiguration</string>
			<key>name</key>
			<string>Debug</string>
		</dict>
		<key>9479EEF517F96686002DAA1B</key>
		<dict>
			<key>buildSettings</key>
			<dict>
				<key>ALWAYS_SEARCH_USER_PATHS</key>
				<string>NO</string>
				<key>ARCHS</key>
				<string>$(ARCHS_STANDARD_INCLUDING_64_BIT)</string>
				<key>CLANG_CXX_LANGUAGE_STANDARD</key>
				<string>gnu++0x</string>
				<key>CLANG_CXX_LIBRARY</key>
				<string>libc++</string>
				<key>CLANG_ENABLE_MODULES</key>
				<string>YES</string>
				<key>CLANG_ENABLE_OBJC_ARC</key>
				<string>YES</string>
				<key>CLANG_WARN_BOOL_CONVERSION</key>
				<string>YES</string>
				<key>CLANG_WARN_CONSTANT_CONVERSION</key>
				<string>YES</string>
				<key>CLANG_WARN_DIRECT_OBJC_ISA_USAGE</key>
				<string>YES_ERROR</string>
				<key>CLANG_WARN_EMPTY_BODY</key>
				<string>YES</string>
				<key>CLANG_WARN_ENUM_CONVERSION</key>
				<string>YES</string>
				<key>CLANG_WARN_INT_CONVERSION</key>
				<string>YES</string>
				<key>CLANG_WARN_OBJC_ROOT_CLASS</key>
				<string>YES_ERROR</string>
				<key>CLANG_WARN__DUPLICATE_METHOD_MATCH</key>
				<string>YES</string>
				<key>CODE_SIGN_IDENTITY[sdk=iphoneos*]</key>
				<string>iPhone Developer</string>
				<key>COPY_PHASE_STRIP</key>
				<string>YES</string>
				<key>ENABLE_NS_ASSERTIONS</key>
				<string>NO</string>
				<key>GCC_C_LANGUAGE_STANDARD</key>
				<string>gnu99</string>
				<key>GCC_WARN_64_TO_32_BIT_CONVERSION</key>
				<string>YES</string>
				<key>GCC_WARN_ABOUT_RETURN_TYPE</key>
				<string>YES_ERROR</string>
				<key>GCC_WARN_UNDECLARED_SELECTOR</key>
				<string>YES</string>
				<key>GCC_WARN_UNINITIALIZED_AUTOS</key>
				<string>YES</string>
				<key>GCC_WARN_UNUSED_FUNCTION</key>
				<string>YES</string>
				<key>GCC_WARN_UNUSED_VARIABLE</key>
				<string>YES</string>
				<key>IPHONEOS_DEPLOYMENT_TARGET</key>
				<string>7.0</string>
				<key>SDKROOT</key>
				<string>iphoneos</string>
				<key>VALIDATE_PRODUCT</key>
				<string>YES</string>
			</dict>
			<key>isa</key>
			<string>XCBuildConfiguration</string>
			<key>name</key>
			<string>Release</string>
		</dict>
		<key>9479EEF617F96686002DAA1B</key>
		<dict>
			<key>buildConfigurations</key>
			<array>
				<string>9479EEF717F96686002DAA1B</string>
				<string>9479EEF817F96686002DAA1B</string>
			</array>
			<key>defaultConfigurationIsVisible</key>
			<string>0</string>
			<key>isa</key>
			<string>XCConfigurationList</string>
		</dict>
		<key>9479EEF717F96686002DAA1B</key>
		<dict>
			<key>baseConfigurationReference</key>
			<string>C5341A2C1D9944E098A36197</string>
			<key>buildSettings</key>
			<dict>
				<key>ASSETCATALOG_COMPILER_APPICON_NAME</key>
				<string>AppIcon</string>
				<key>ASSETCATALOG_COMPILER_LAUNCHIMAGE_NAME</key>
				<string>LaunchImage</string>
				<key>GCC_PRECOMPILE_PREFIX_HEADER</key>
				<string>YES</string>
				<key>GCC_PREFIX_HEADER</key>
				<string>RottenGuavas/RottenGuavas-Prefix.pch</string>
				<key>INFOPLIST_FILE</key>
				<string>RottenGuavas/RottenGuavas-Info.plist</string>
				<key>PRODUCT_NAME</key>
				<string>$(TARGET_NAME)</string>
				<key>WRAPPER_EXTENSION</key>
				<string>app</string>
			</dict>
			<key>isa</key>
			<string>XCBuildConfiguration</string>
			<key>name</key>
			<string>Debug</string>
		</dict>
		<key>9479EEF817F96686002DAA1B</key>
		<dict>
			<key>baseConfigurationReference</key>
			<string>C5341A2C1D9944E098A36197</string>
			<key>buildSettings</key>
			<dict>
				<key>ASSETCATALOG_COMPILER_APPICON_NAME</key>
				<string>AppIcon</string>
				<key>ASSETCATALOG_COMPILER_LAUNCHIMAGE_NAME</key>
				<string>LaunchImage</string>
				<key>GCC_PRECOMPILE_PREFIX_HEADER</key>
				<string>YES</string>
				<key>GCC_PREFIX_HEADER</key>
				<string>RottenGuavas/RottenGuavas-Prefix.pch</string>
				<key>INFOPLIST_FILE</key>
				<string>RottenGuavas/RottenGuavas-Info.plist</string>
				<key>PRODUCT_NAME</key>
				<string>$(TARGET_NAME)</string>
				<key>WRAPPER_EXTENSION</key>
				<string>app</string>
			</dict>
			<key>isa</key>
			<string>XCBuildConfiguration</string>
			<key>name</key>
			<string>Release</string>
		</dict>
		<key>9479EEF917F96686002DAA1B</key>
		<dict>
			<key>buildConfigurations</key>
			<array>
				<string>9479EEFA17F96686002DAA1B</string>
				<string>9479EEFB17F96686002DAA1B</string>
			</array>
			<key>defaultConfigurationIsVisible</key>
			<string>0</string>
			<key>isa</key>
			<string>XCConfigurationList</string>
		</dict>
		<key>9479EEFA17F96686002DAA1B</key>
		<dict>
			<key>buildSettings</key>
			<dict>
				<key>ARCHS</key>
				<string>$(ARCHS_STANDARD_INCLUDING_64_BIT)</string>
				<key>BUNDLE_LOADER</key>
				<string>$(BUILT_PRODUCTS_DIR)/RottenGuavas.app/RottenGuavas</string>
				<key>FRAMEWORK_SEARCH_PATHS</key>
				<array>
					<string>$(SDKROOT)/Developer/Library/Frameworks</string>
					<string>$(inherited)</string>
					<string>$(DEVELOPER_FRAMEWORKS_DIR)</string>
				</array>
				<key>GCC_PRECOMPILE_PREFIX_HEADER</key>
				<string>YES</string>
				<key>GCC_PREFIX_HEADER</key>
				<string>RottenGuavas/RottenGuavas-Prefix.pch</string>
				<key>GCC_PREPROCESSOR_DEFINITIONS</key>
				<array>
					<string>DEBUG=1</string>
					<string>$(inherited)</string>
				</array>
				<key>INFOPLIST_FILE</key>
				<string>RottenGuavasTests/RottenGuavasTests-Info.plist</string>
				<key>PRODUCT_NAME</key>
				<string>$(TARGET_NAME)</string>
				<key>TEST_HOST</key>
				<string>$(BUNDLE_LOADER)</string>
				<key>WRAPPER_EXTENSION</key>
				<string>xctest</string>
			</dict>
			<key>isa</key>
			<string>XCBuildConfiguration</string>
			<key>name</key>
			<string>Debug</string>
		</dict>
		<key>9479EEFB17F96686002DAA1B</key>
		<dict>
			<key>buildSettings</key>
			<dict>
				<key>ARCHS</key>
				<string>$(ARCHS_STANDARD_INCLUDING_64_BIT)</string>
				<key>BUNDLE_LOADER</key>
				<string>$(BUILT_PRODUCTS_DIR)/RottenGuavas.app/RottenGuavas</string>
				<key>FRAMEWORK_SEARCH_PATHS</key>
				<array>
					<string>$(SDKROOT)/Developer/Library/Frameworks</string>
					<string>$(inherited)</string>
					<string>$(DEVELOPER_FRAMEWORKS_DIR)</string>
				</array>
				<key>GCC_PRECOMPILE_PREFIX_HEADER</key>
				<string>YES</string>
				<key>GCC_PREFIX_HEADER</key>
				<string>RottenGuavas/RottenGuavas-Prefix.pch</string>
				<key>INFOPLIST_FILE</key>
				<string>RottenGuavasTests/RottenGuavasTests-Info.plist</string>
				<key>PRODUCT_NAME</key>
				<string>$(TARGET_NAME)</string>
				<key>TEST_HOST</key>
				<string>$(BUNDLE_LOADER)</string>
				<key>WRAPPER_EXTENSION</key>
				<string>xctest</string>
			</dict>
			<key>isa</key>
			<string>XCBuildConfiguration</string>
			<key>name</key>
			<string>Release</string>
		</dict>
		<key>9479EEFC17F96950002DAA1B</key>
		<dict>
			<key>fileEncoding</key>
			<string>4</string>
			<key>isa</key>
			<string>PBXFileReference</string>
			<key>lastKnownFileType</key>
			<string>sourcecode.c.h</string>
			<key>name</key>
			<string>Movie.h</string>
			<key>path</key>
			<string>Model/Movie.h</string>
			<key>sourceTree</key>
			<string>&lt;group&gt;</string>
		</dict>
		<key>9479EEFD17F96950002DAA1B</key>
		<dict>
			<key>fileEncoding</key>
			<string>4</string>
			<key>isa</key>
			<string>PBXFileReference</string>
			<key>lastKnownFileType</key>
			<string>sourcecode.c.objc</string>
			<key>name</key>
			<string>Movie.m</string>
			<key>path</key>
			<string>Model/Movie.m</string>
			<key>sourceTree</key>
			<string>&lt;group&gt;</string>
		</dict>
		<key>9479EEFE17F96950002DAA1B</key>
		<dict>
			<key>fileRef</key>
			<string>9479EEFD17F96950002DAA1B</string>
			<key>isa</key>
			<string>PBXBuildFile</string>
		</dict>
		<key>9479EF0017F9695B002DAA1B</key>
		<dict>
			<key>children</key>
			<array>
				<string>9479EEFC17F96950002DAA1B</string>
				<string>9479EEFD17F96950002DAA1B</string>
				<string>9479EF0117F98FD5002DAA1B</string>
				<string>9479EF0217F98FD5002DAA1B</string>
			</array>
			<key>isa</key>
			<string>PBXGroup</string>
			<key>name</key>
			<string>Model</string>
			<key>sourceTree</key>
			<string>&lt;group&gt;</string>
		</dict>
		<key>9479EF0117F98FD5002DAA1B</key>
		<dict>
			<key>fileEncoding</key>
			<string>4</string>
			<key>isa</key>
			<string>PBXFileReference</string>
			<key>lastKnownFileType</key>
			<string>sourcecode.c.h</string>
			<key>name</key>
			<string>RottenTomatoesProvider.h</string>
			<key>path</key>
			<string>Model/RottenTomatoesProvider.h</string>
			<key>sourceTree</key>
			<string>&lt;group&gt;</string>
		</dict>
		<key>9479EF0217F98FD5002DAA1B</key>
		<dict>
			<key>fileEncoding</key>
			<string>4</string>
			<key>isa</key>
			<string>PBXFileReference</string>
			<key>lastKnownFileType</key>
			<string>sourcecode.c.objc</string>
			<key>name</key>
			<string>RottenTomatoesProvider.m</string>
			<key>path</key>
			<string>Model/RottenTomatoesProvider.m</string>
			<key>sourceTree</key>
			<string>&lt;group&gt;</string>
		</dict>
		<key>9479EF0317F98FD5002DAA1B</key>
		<dict>
			<key>fileRef</key>
			<string>9479EF0217F98FD5002DAA1B</string>
			<key>isa</key>
			<string>PBXBuildFile</string>
		</dict>
		<key>C5341A2C1D9944E098A36197</key>
		<dict>
			<key>includeInIndex</key>
			<string>1</string>
			<key>isa</key>
			<string>PBXFileReference</string>
			<key>lastKnownFileType</key>
			<string>text.xcconfig</string>
			<key>name</key>
			<string>Pods.xcconfig</string>
			<key>path</key>
			<string>Pods/Pods.xcconfig</string>
			<key>sourceTree</key>
			<string>&lt;group&gt;</string>
		</dict>
		<key>EBCE4C40134946CBAA65EF2E</key>
		<dict>
			<key>buildActionMask</key>
			<string>2147483647</string>
			<key>files</key>
			<array/>
			<key>inputPaths</key>
			<array/>
			<key>isa</key>
			<string>PBXShellScriptBuildPhase</string>
			<key>name</key>
			<string>Check Pods Manifest.lock</string>
			<key>outputPaths</key>
			<array/>
			<key>runOnlyForDeploymentPostprocessing</key>
			<string>0</string>
			<key>shellPath</key>
			<string>/bin/sh</string>
			<key>shellScript</key>
			<string>diff "${PODS_ROOT}/../Podfile.lock" "${PODS_ROOT}/Manifest.lock" &gt; /dev/null
if [[ $? != 0 ]] ; then
    cat &lt;&lt; EOM
error: The sandbox is not in sync with the Podfile.lock. Run 'pod install' or update your CocoaPods installation.
EOM
    exit 1
fi
</string>
			<key>showEnvVarsInLog</key>
			<string>0</string>
		</dict>
		<key>FB64CEE3D07D4EA39BE52F5C</key>
		<dict>
			<key>fileRef</key>
			<string>1B31C9ED90B44048AC6A2B69</string>
			<key>isa</key>
			<string>PBXBuildFile</string>
		</dict>
	</dict>
	<key>rootObject</key>
	<string>9479EEBC17F96686002DAA1B</string>
</dict>
</plist>
