PODS:
  - AFNetworking (2.0.0):
    - AFNetworking/NSURLConnection
    - AFNetworking/NSURLSession
    - AFNetworking/Reachability
    - AFNetworking/Security
    - AFNetworking/Serialization
    - AFNetworking/UIKit
  - AFNetworking/NSURLConnection (2.0.0):
    - AFNetworking/Reachability
    - AFNetworking/Security
    - AFNetworking/Serialization
  - AFNetworking/NSURLSession (2.0.0):
    - AFNetworking/Reachability
    - AFNetworking/Security
    - AFNetworking/Serialization
  - AFNetworking/Reachability (2.0.0)
  - AFNetworking/Security (2.0.0)
  - AFNetworking/Serialization (2.0.0)
  - AFNetworking/UIKit (2.0.0):
    - AFNetworking/NSURLConnection
  - BlocksKit (1.8.2):
    - libffi
  - Google-API-Client (0.0.1):
    - Google-API-Client/Common
    - Google-API-Client/Networking
    - Google-API-Client/Objects
    - Google-API-Client/Services
    - Google-API-Client/Utilities
    - gtm-oauth2
    - GTMHTTPFetcher
    - SBJson
  - Google-API-Client/Common (0.0.1):
    - gtm-oauth2
    - GTMHTTPFetcher
    - SBJson
  - Google-API-Client/Networking (0.0.1):
    - gtm-oauth2
    - GTMHTTPFetcher
    - SBJson
  - Google-API-Client/Objects (0.0.1):
    - gtm-oauth2
    - GTMHTTPFetcher
    - SBJson
  - Google-API-Client/Services (0.0.1):
    - Google-API-Client/Services/AdSense
    - Google-API-Client/Services/Analytics
    - Google-API-Client/Services/Blogger
    - Google-API-Client/Services/Books
    - Google-API-Client/Services/Calendar
    - Google-API-Client/Services/CivicInfo
    - Google-API-Client/Services/Compute
    - Google-API-Client/Services/Discovery
    - Google-API-Client/Services/Drive
    - Google-API-Client/Services/Groupssettings
    - Google-API-Client/Services/Latitude
    - Google-API-Client/Services/Licensing
    - Google-API-Client/Services/Mirror
    - Google-API-Client/Services/Orkut
    - Google-API-Client/Services/Plus
    - Google-API-Client/Services/Shopping
    - Google-API-Client/Services/Storage
    - Google-API-Client/Services/Tasks
    - Google-API-Client/Services/Urlshortener
    - Google-API-Client/Services/YouTube
    - Google-API-Client/Services/YouTubeAnalytics
    - gtm-oauth2
    - GTMHTTPFetcher
    - SBJson
  - Google-API-Client/Services/AdSense (0.0.1):
    - gtm-oauth2
    - GTMHTTPFetcher
    - SBJson
  - Google-API-Client/Services/Analytics (0.0.1):
    - gtm-oauth2
    - GTMHTTPFetcher
    - SBJson
  - Google-API-Client/Services/Blogger (0.0.1):
    - gtm-oauth2
    - GTMHTTPFetcher
    - SBJson
  - Google-API-Client/Services/Books (0.0.1):
    - gtm-oauth2
    - GTMHTTPFetcher
    - SBJson
  - Google-API-Client/Services/Calendar (0.0.1):
    - gtm-oauth2
    - GTMHTTPFetcher
    - SBJson
  - Google-API-Client/Services/CivicInfo (0.0.1):
    - gtm-oauth2
    - GTMHTTPFetcher
    - SBJson
  - Google-API-Client/Services/Compute (0.0.1):
    - gtm-oauth2
    - GTMHTTPFetcher
    - SBJson
  - Google-API-Client/Services/Discovery (0.0.1):
    - gtm-oauth2
    - GTMHTTPFetcher
    - SBJson
  - Google-API-Client/Services/Drive (0.0.1):
    - gtm-oauth2
    - GTMHTTPFetcher
    - SBJson
  - Google-API-Client/Services/Groupssettings (0.0.1):
    - gtm-oauth2
    - GTMHTTPFetcher
    - SBJson
  - Google-API-Client/Services/Latitude (0.0.1):
    - gtm-oauth2
    - GTMHTTPFetcher
    - SBJson
  - Google-API-Client/Services/Licensing (0.0.1):
    - gtm-oauth2
    - GTMHTTPFetcher
    - SBJson
  - Google-API-Client/Services/Mirror (0.0.1):
    - gtm-oauth2
    - GTMHTTPFetcher
    - SBJson
  - Google-API-Client/Services/Orkut (0.0.1):
    - gtm-oauth2
    - GTMHTTPFetcher
    - SBJson
  - Google-API-Client/Services/Plus (0.0.1):
    - gtm-oauth2
    - GTMHTTPFetcher
    - SBJson
  - Google-API-Client/Services/Shopping (0.0.1):
    - gtm-oauth2
    - GTMHTTPFetcher
    - SBJson
  - Google-API-Client/Services/Storage (0.0.1):
    - gtm-oauth2
    - GTMHTTPFetcher
    - SBJson
  - Google-API-Client/Services/Tasks (0.0.1):
    - gtm-oauth2
    - GTMHTTPFetcher
    - SBJson
  - Google-API-Client/Services/Urlshortener (0.0.1):
    - gtm-oauth2
    - GTMHTTPFetcher
    - SBJson
  - Google-API-Client/Services/YouTube (0.0.1):
    - gtm-oauth2
    - GTMHTTPFetcher
    - SBJson
  - Google-API-Client/Services/YouTubeAnalytics (0.0.1):
    - gtm-oauth2
    - GTMHTTPFetcher
    - SBJson
  - Google-API-Client/Utilities (0.0.1):
    - gtm-oauth2
    - GTMHTTPFetcher
    - SBJson
  - gtm-oauth2 (0.0.1):
    - gtm-oauth2/Core
    - GTMHTTPFetcher
    - SBJson
  - gtm-oauth2/Core (0.0.1):
    - gtm-oauth2/Core/Mac
    - gtm-oauth2/Core/Touch
    - GTMHTTPFetcher
    - SBJson
  - gtm-oauth2/Core/Mac (0.0.1):
    - GTMHTTPFetcher
    - SBJson
  - gtm-oauth2/Core/Touch (0.0.1):
    - GTMHTTPFetcher
    - SBJson
  - GTMHTTPFetcher (0.0.1):
    - SBJson
  - libffi (3.0.13)
  - MBProgressHUD (0.8)
  - NMPaginator (1.0.0)
  - SBJson (3.2)
  - SSToolkit (1.0.4)

DEPENDENCIES:
  - AFNetworking (~> 2.0)
  - BlocksKit (= 1.8.2)
  - Google-API-Client
  - MBProgressHUD (~> 0.8)
  - NMPaginator (~> 1.0.0)
  - SSToolkit (= 1.0.4)

SPEC CHECKSUMS:
  AFNetworking: 3fa983b1beaba69566a3374612511e2a6e3fe845
  BlocksKit: 7396526b0816734103f6133fbb1a520c8b04e80c
  Google-API-Client: a5aea65083895ad2fa8eeca4747478215c9ac934
  gtm-oauth2: af6d1ff3d4b14b35d3709f7f4bf2be8b43e45e62
  GTMHTTPFetcher: b0af09f18ec87e7a5edeffcc8cb6449fdbf0e83f
  libffi: 64ef39353e747bb2b25e1026afd96a157bf9231c
  MBProgressHUD: 2bbc6f470111daf7f3eaa4eb12b8cbf01c4c0622
  NMPaginator: 01e7f436e657730d3ffefa66dc6ce9f41bdf42ea
  SBJson: e60b4dc22448c2ae1e754b523a4ab53408e85c8d
  SSToolkit: 689acaedac79c2079e492e528a55bcb5db9d98c4

COCOAPODS: 0.25.0
